// !$*UTF8*$!
{
	archiveVersion = 1;
	classes = {
	};
	objectVersion = 56;
	objects = {

/* Begin PBXBuildFile section */
		1DBC8449299CC31B000B4C19 /* AppDelegate.swift in Sources */ = {isa = PBXBuildFile; fileRef = 1DBC8448299CC31B000B4C19 /* AppDelegate.swift */; };
		1DBC844D299CC31B000B4C19 /* ARTVViewController.swift in Sources */ = {isa = PBXBuildFile; fileRef = 1DBC844C299CC31B000B4C19 /* ARTVViewController.swift */; };
		1DBC8452299CC31B000B4C19 /* Assets.xcassets in Resources */ = {isa = PBXBuildFile; fileRef = 1DBC8451299CC31B000B4C19 /* Assets.xcassets */; };
		1DBC8455299CC31B000B4C19 /* LaunchScreen.storyboard in Resources */ = {isa = PBXBuildFile; fileRef = 1DBC8453299CC31B000B4C19 /* LaunchScreen.storyboard */; };
		1DBC845C299CC674000B4C19 /* MainViewController.swift in Sources */ = {isa = PBXBuildFile; fileRef = 1DBC845B299CC674000B4C19 /* MainViewController.swift */; };
		1DBC8463299D0E03000B4C19 /* UIButtonExtension.swift in Sources */ = {isa = PBXBuildFile; fileRef = 1DBC8462299D0E03000B4C19 /* UIButtonExtension.swift */; };
/* End PBXBuildFile section */

/* Begin PBXFileReference section */
		1DBC8445299CC31B000B4C19 /* ARTheatre.app */ = {isa = PBXFileReference; explicitFileType = wrapper.application; includeInIndex = 0; path = ARTheatre.app; sourceTree = BUILT_PRODUCTS_DIR; };
		1DBC8448299CC31B000B4C19 /* AppDelegate.swift */ = {isa = PBXFileReference; lastKnownFileType = sourcecode.swift; path = AppDelegate.swift; sourceTree = "<group>"; };
		1DBC844C299CC31B000B4C19 /* ARTVViewController.swift */ = {isa = PBXFileReference; lastKnownFileType = sourcecode.swift; path = ARTVViewController.swift; sourceTree = "<group>"; };
		1DBC8451299CC31B000B4C19 /* Assets.xcassets */ = {isa = PBXFileReference; lastKnownFileType = folder.assetcatalog; path = Assets.xcassets; sourceTree = "<group>"; };
		1DBC8454299CC31B000B4C19 /* Base */ = {isa = PBXFileReference; lastKnownFileType = file.storyboard; name = Base; path = Base.lproj/LaunchScreen.storyboard; sourceTree = "<group>"; };
		1DBC845B299CC674000B4C19 /* MainViewController.swift */ = {isa = PBXFileReference; lastKnownFileType = sourcecode.swift; path = MainViewController.swift; sourceTree = "<group>"; };
		1DBC845F299CDC06000B4C19 /* Info.plist */ = {isa = PBXFileReference; lastKnownFileType = text.plist.xml; path = Info.plist; sourceTree = "<group>"; };
		1DBC8462299D0E03000B4C19 /* UIButtonExtension.swift */ = {isa = PBXFileReference; lastKnownFileType = sourcecode.swift; path = UIButtonExtension.swift; sourceTree = "<group>"; };
/* End PBXFileReference section */

/* Begin PBXFrameworksBuildPhase section */
		1DBC8442299CC31B000B4C19 /* Frameworks */ = {
			isa = PBXFrameworksBuildPhase;
			buildActionMask = 2147483647;
			files = (
			);
			runOnlyForDeploymentPostprocessing = 0;
		};
/* End PBXFrameworksBuildPhase section */

/* Begin PBXGroup section */
		1DBC843C299CC31B000B4C19 = {
			isa = PBXGroup;
			children = (
				1DBC8447299CC31B000B4C19 /* ARTheatre */,
				1DBC8446299CC31B000B4C19 /* Products */,
			);
			sourceTree = "<group>";
		};
		1DBC8446299CC31B000B4C19 /* Products */ = {
			isa = PBXGroup;
			children = (
				1DBC8445299CC31B000B4C19 /* ARTheatre.app */,
			);
			name = Products;
			sourceTree = "<group>";
		};
		1DBC8447299CC31B000B4C19 /* ARTheatre */ = {
			isa = PBXGroup;
			children = (
				1DBC8460299D0DF0000B4C19 /* Helpers */,
				1DBC845E299CC6C4000B4C19 /* Scene */,
				1DBC845D299CC6B4000B4C19 /* System */,
			);
			path = ARTheatre;
			sourceTree = "<group>";
		};
		1DBC845D299CC6B4000B4C19 /* System */ = {
			isa = PBXGroup;
			children = (
				1DBC845F299CDC06000B4C19 /* Info.plist */,
				1DBC8453299CC31B000B4C19 /* LaunchScreen.storyboard */,
				1DBC8451299CC31B000B4C19 /* Assets.xcassets */,
				1DBC8448299CC31B000B4C19 /* AppDelegate.swift */,
			);
			path = System;
			sourceTree = "<group>";
		};
		1DBC845E299CC6C4000B4C19 /* Scene */ = {
			isa = PBXGroup;
			children = (
				1DBC844C299CC31B000B4C19 /* ARTVViewController.swift */,
				1DBC845B299CC674000B4C19 /* MainViewController.swift */,
			);
			path = Scene;
			sourceTree = "<group>";
		};
		1DBC8460299D0DF0000B4C19 /* Helpers */ = {
			isa = PBXGroup;
			children = (
				1DBC8461299D0DF5000B4C19 /* Extensions */,
			);
			path = Helpers;
			sourceTree = "<group>";
		};
		1DBC8461299D0DF5000B4C19 /* Extensions */ = {
			isa = PBXGroup;
			children = (
				1DBC8462299D0E03000B4C19 /* UIButtonExtension.swift */,
			);
			path = Extensions;
			sourceTree = "<group>";
		};
/* End PBXGroup section */

/* Begin PBXNativeTarget section */
		1DBC8444299CC31B000B4C19 /* ARTheatre */ = {
			isa = PBXNativeTarget;
			buildConfigurationList = 1DBC8458299CC31B000B4C19 /* Build configuration list for PBXNativeTarget "ARTheatre" */;
			buildPhases = (
				1DBC8441299CC31B000B4C19 /* Sources */,
				1DBC8442299CC31B000B4C19 /* Frameworks */,
				1DBC8443299CC31B000B4C19 /* Resources */,
			);
			buildRules = (
			);
			dependencies = (
			);
			name = ARTheatre;
			productName = ARTheatre;
			productReference = 1DBC8445299CC31B000B4C19 /* ARTheatre.app */;
			productType = "com.apple.product-type.application";
		};
/* End PBXNativeTarget section */

/* Begin PBXProject section */
		1DBC843D299CC31B000B4C19 /* Project object */ = {
			isa = PBXProject;
			attributes = {
				BuildIndependentTargetsInParallel = 1;
				LastSwiftUpdateCheck = 1420;
				LastUpgradeCheck = 1420;
				TargetAttributes = {
					1DBC8444299CC31B000B4C19 = {
						CreatedOnToolsVersion = 14.2;
					};
				};
			};
			buildConfigurationList = 1DBC8440299CC31B000B4C19 /* Build configuration list for PBXProject "ARTheatre" */;
			compatibilityVersion = "Xcode 14.0";
			developmentRegion = en;
			hasScannedForEncodings = 0;
			knownRegions = (
				en,
				Base,
			);
			mainGroup = 1DBC843C299CC31B000B4C19;
			productRefGroup = 1DBC8446299CC31B000B4C19 /* Products */;
			projectDirPath = "";
			projectRoot = "";
			targets = (
				1DBC8444299CC31B000B4C19 /* ARTheatre */,
			);
		};
/* End PBXProject section */

/* Begin PBXResourcesBuildPhase section */
		1DBC8443299CC31B000B4C19 /* Resources */ = {
			isa = PBXResourcesBuildPhase;
			buildActionMask = 2147483647;
			files = (
				1DBC8455299CC31B000B4C19 /* LaunchScreen.storyboard in Resources */,
				1DBC8452299CC31B000B4C19 /* Assets.xcassets in Resources */,
			);
			runOnlyForDeploymentPostprocessing = 0;
		};
/* End PBXResourcesBuildPhase section */

/* Begin PBXSourcesBuildPhase section */
		1DBC8441299CC31B000B4C19 /* Sources */ = {
			isa = PBXSourcesBuildPhase;
			buildActionMask = 2147483647;
			files = (
				1DBC845C299CC674000B4C19 /* MainViewController.swift in Sources */,
				1DBC8463299D0E03000B4C19 /* UIButtonExtension.swift in Sources */,
				1DBC844D299CC31B000B4C19 /* ARTVViewController.swift in Sources */,
				1DBC8449299CC31B000B4C19 /* AppDelegate.swift in Sources */,
			);
			runOnlyForDeploymentPostprocessing = 0;
		};
/* End PBXSourcesBuildPhase section */

/* Begin PBXVariantGroup section */
		1DBC8453299CC31B000B4C19 /* LaunchScreen.storyboard */ = {
			isa = PBXVariantGroup;
			children = (
				1DBC8454299CC31B000B4C19 /* Base */,
			);
			name = LaunchScreen.storyboard;
			sourceTree = "<group>";
		};
/* End PBXVariantGroup section */

/* Begin XCBuildConfiguration section */
		1DBC8456299CC31B000B4C19 /* Debug */ = {
			isa = XCBuildConfiguration;
			buildSettings = {
				ALWAYS_SEARCH_USER_PATHS = NO;
				CLANG_ANALYZER_NONNULL = YES;
				CLANG_ANALYZER_NUMBER_OBJECT_CONVERSION = YES_AGGRESSIVE;
				CLANG_CXX_LANGUAGE_STANDARD = "gnu++20";
				CLANG_ENABLE_MODULES = YES;
				CLANG_ENABLE_OBJC_ARC = YES;
				CLANG_ENABLE_OBJC_WEAK = YES;
				CLANG_WARN_BLOCK_CAPTURE_AUTORELEASING = YES;
				CLANG_WARN_BOOL_CONVERSION = YES;
				CLANG_WARN_COMMA = YES;
				CLANG_WARN_CONSTANT_CONVERSION = YES;
				CLANG_WARN_DEPRECATED_OBJC_IMPLEMENTATIONS = YES;
				CLANG_WARN_DIRECT_OBJC_ISA_USAGE = YES_ERROR;
				CLANG_WARN_DOCUMENTATION_COMMENTS = YES;
				CLANG_WARN_EMPTY_BODY = YES;
				CLANG_WARN_ENUM_CONVERSION = YES;
				CLANG_WARN_INFINITE_RECURSION = YES;
				CLANG_WARN_INT_CONVERSION = YES;
				CLANG_WARN_NON_LITERAL_NULL_CONVERSION = YES;
				CLANG_WARN_OBJC_IMPLICIT_RETAIN_SELF = YES;
				CLANG_WARN_OBJC_LITERAL_CONVERSION = YES;
				CLANG_WARN_OBJC_ROOT_CLASS = YES_ERROR;
				CLANG_WARN_QUOTED_INCLUDE_IN_FRAMEWORK_HEADER = YES;
				CLANG_WARN_RANGE_LOOP_ANALYSIS = YES;
				CLANG_WARN_STRICT_PROTOTYPES = YES;
				CLANG_WARN_SUSPICIOUS_MOVE = YES;
				CLANG_WARN_UNGUARDED_AVAILABILITY = YES_AGGRESSIVE;
				CLANG_WARN_UNREACHABLE_CODE = YES;
				CLANG_WARN__DUPLICATE_METHOD_MATCH = YES;
				COPY_PHASE_STRIP = NO;
				DEBUG_INFORMATION_FORMAT = dwarf;
				ENABLE_STRICT_OBJC_MSGSEND = YES;
				ENABLE_TESTABILITY = YES;
				GCC_C_LANGUAGE_STANDARD = gnu11;
				GCC_DYNAMIC_NO_PIC = NO;
				GCC_NO_COMMON_BLOCKS = YES;
				GCC_OPTIMIZATION_LEVEL = 0;
				GCC_PREPROCESSOR_DEFINITIONS = (
					"DEBUG=1",
					"$(inherited)",
				);
				GCC_WARN_64_TO_32_BIT_CONVERSION = YES;
				GCC_WARN_ABOUT_RETURN_TYPE = YES_ERROR;
				GCC_WARN_UNDECLARED_SELECTOR = YES;
				GCC_WARN_UNINITIALIZED_AUTOS = YES_AGGRESSIVE;
				GCC_WARN_UNUSED_FUNCTION = YES;
				GCC_WARN_UNUSED_VARIABLE = YES;
				IPHONEOS_DEPLOYMENT_TARGET = 16.2;
				MTL_ENABLE_DEBUG_INFO = INCLUDE_SOURCE;
				MTL_FAST_MATH = YES;
				ONLY_ACTIVE_ARCH = YES;
				SDKROOT = iphoneos;
				SWIFT_ACTIVE_COMPILATION_CONDITIONS = DEBUG;
				SWIFT_OPTIMIZATION_LEVEL = "-Onone";
			};
			name = Debug;
		};
		1DBC8457299CC31B000B4C19 /* Release */ = {
			isa = XCBuildConfiguration;
			buildSettings = {
				ALWAYS_SEARCH_USER_PATHS = NO;
				CLANG_ANALYZER_NONNULL = YES;
				CLANG_ANALYZER_NUMBER_OBJECT_CONVERSION = YES_AGGRESSIVE;
				CLANG_CXX_LANGUAGE_STANDARD = "gnu++20";
				CLANG_ENABLE_MODULES = YES;
				CLANG_ENABLE_OBJC_ARC = YES;
				CLANG_ENABLE_OBJC_WEAK = YES;
				CLANG_WARN_BLOCK_CAPTURE_AUTORELEASING = YES;
				CLANG_WARN_BOOL_CONVERSION = YES;
				CLANG_WARN_COMMA = YES;
				CLANG_WARN_CONSTANT_CONVERSION = YES;
				CLANG_WARN_DEPRECATED_OBJC_IMPLEMENTATIONS = YES;
				CLANG_WARN_DIRECT_OBJC_ISA_USAGE = YES_ERROR;
				CLANG_WARN_DOCUMENTATION_COMMENTS = YES;
				CLANG_WARN_EMPTY_BODY = YES;
				CLANG_WARN_ENUM_CONVERSION = YES;
				CLANG_WARN_INFINITE_RECURSION = YES;
				CLANG_WARN_INT_CONVERSION = YES;
				CLANG_WARN_NON_LITERAL_NULL_CONVERSION = YES;
				CLANG_WARN_OBJC_IMPLICIT_RETAIN_SELF = YES;
				CLANG_WARN_OBJC_LITERAL_CONVERSION = YES;
				CLANG_WARN_OBJC_ROOT_CLASS = YES_ERROR;
				CLANG_WARN_QUOTED_INCLUDE_IN_FRAMEWORK_HEADER = YES;
				CLANG_WARN_RANGE_LOOP_ANALYSIS = YES;
				CLANG_WARN_STRICT_PROTOTYPES = YES;
				CLANG_WARN_SUSPICIOUS_MOVE = YES;
				CLANG_WARN_UNGUARDED_AVAILABILITY = YES_AGGRESSIVE;
				CLANG_WARN_UNREACHABLE_CODE = YES;
				CLANG_WARN__DUPLICATE_METHOD_MATCH = YES;
				COPY_PHASE_STRIP = NO;
				DEBUG_INFORMATION_FORMAT = "dwarf-with-dsym";
				ENABLE_NS_ASSERTIONS = NO;
				ENABLE_STRICT_OBJC_MSGSEND = YES;
				GCC_C_LANGUAGE_STANDARD = gnu11;
				GCC_NO_COMMON_BLOCKS = YES;
				GCC_WARN_64_TO_32_BIT_CONVERSION = YES;
				GCC_WARN_ABOUT_RETURN_TYPE = YES_ERROR;
				GCC_WARN_UNDECLARED_SELECTOR = YES;
				GCC_WARN_UNINITIALIZED_AUTOS = YES_AGGRESSIVE;
				GCC_WARN_UNUSED_FUNCTION = YES;
				GCC_WARN_UNUSED_VARIABLE = YES;
				IPHONEOS_DEPLOYMENT_TARGET = 16.2;
				MTL_ENABLE_DEBUG_INFO = NO;
				MTL_FAST_MATH = YES;
				SDKROOT = iphoneos;
				SWIFT_COMPILATION_MODE = wholemodule;
				SWIFT_OPTIMIZATION_LEVEL = "-O";
				VALIDATE_PRODUCT = YES;
			};
			name = Release;
		};
		1DBC8459299CC31B000B4C19 /* Debug */ = {
			isa = XCBuildConfiguration;
			buildSettings = {
				ASSETCATALOG_COMPILER_APPICON_NAME = AppIcon;
				ASSETCATALOG_COMPILER_GLOBAL_ACCENT_COLOR_NAME = AccentColor;
				CODE_SIGN_STYLE = Automatic;
				CURRENT_PROJECT_VERSION = 1;
				DEVELOPMENT_TEAM = 5HWZ52VHNS;
				GENERATE_INFOPLIST_FILE = YES;
				INFOPLIST_FILE = ARTheatre/System/Info.plist;
				INFOPLIST_KEY_NSCameraUsageDescription = "";
				INFOPLIST_KEY_NSPhotoLibraryUsageDescription = "";
				INFOPLIST_KEY_UIApplicationSupportsIndirectInputEvents = YES;
				INFOPLIST_KEY_UILaunchStoryboardName = LaunchScreen;
				INFOPLIST_KEY_UIRequiredDeviceCapabilities = arkit;
				INFOPLIST_KEY_UIStatusBarHidden = YES;
				INFOPLIST_KEY_UISupportedInterfaceOrientations_iPad = "UIInterfaceOrientationPortrait UIInterfaceOrientationPortraitUpsideDown UIInterfaceOrientationLandscapeLeft UIInterfaceOrientationLandscapeRight";
				INFOPLIST_KEY_UISupportedInterfaceOrientations_iPhone = "UIInterfaceOrientationPortrait UIInterfaceOrientationLandscapeLeft UIInterfaceOrientationLandscapeRight";
				LD_RUNPATH_SEARCH_PATHS = (
					"$(inherited)",
					"@executable_path/Frameworks",
				);
				MARKETING_VERSION = 1.0;
				PRODUCT_BUNDLE_IDENTIFIER = KovalskyVK.ARTheatre;
				PRODUCT_NAME = "$(TARGET_NAME)";
				SWIFT_EMIT_LOC_STRINGS = YES;
				SWIFT_VERSION = 5.0;
				TARGETED_DEVICE_FAMILY = "1,2";
			};
			name = Debug;
		};
		1DBC845A299CC31B000B4C19 /* Release */ = {
			isa = XCBuildConfiguration;
			buildSettings = {
				ASSETCATALOG_COMPILER_APPICON_NAME = AppIcon;
				ASSETCATALOG_COMPILER_GLOBAL_ACCENT_COLOR_NAME = AccentColor;
				CODE_SIGN_STYLE = Automatic;
				CURRENT_PROJECT_VERSION = 1;
				DEVELOPMENT_TEAM = 5HWZ52VHNS;
				GENERATE_INFOPLIST_FILE = YES;
				INFOPLIST_FILE = ARTheatre/System/Info.plist;
				INFOPLIST_KEY_NSCameraUsageDescription = "";
				INFOPLIST_KEY_NSPhotoLibraryUsageDescription = "";
				INFOPLIST_KEY_UIApplicationSupportsIndirectInputEvents = YES;
				INFOPLIST_KEY_UILaunchStoryboardName = LaunchScreen;
				INFOPLIST_KEY_UIRequiredDeviceCapabilities = arkit;
				INFOPLIST_KEY_UIStatusBarHidden = YES;
				INFOPLIST_KEY_UISupportedInterfaceOrientations_iPad = "UIInterfaceOrientationPortrait UIInterfaceOrientationPortraitUpsideDown UIInterfaceOrientationLandscapeLeft UIInterfaceOrientationLandscapeRight";
				INFOPLIST_KEY_UISupportedInterfaceOrientations_iPhone = "UIInterfaceOrientationPortrait UIInterfaceOrientationLandscapeLeft UIInterfaceOrientationLandscapeRight";
				LD_RUNPATH_SEARCH_PATHS = (
					"$(inherited)",
					"@executable_path/Frameworks",
				);
				MARKETING_VERSION = 1.0;
				PRODUCT_BUNDLE_IDENTIFIER = KovalskyVK.ARTheatre;
				PRODUCT_NAME = "$(TARGET_NAME)";
				SWIFT_EMIT_LOC_STRINGS = YES;
				SWIFT_VERSION = 5.0;
				TARGETED_DEVICE_FAMILY = "1,2";
			};
			name = Release;
		};
/* End XCBuildConfiguration section */

/* Begin XCConfigurationList section */
		1DBC8440299CC31B000B4C19 /* Build configuration list for PBXProject "ARTheatre" */ = {
			isa = XCConfigurationList;
			buildConfigurations = (
				1DBC8456299CC31B000B4C19 /* Debug */,
				1DBC8457299CC31B000B4C19 /* Release */,
			);
			defaultConfigurationIsVisible = 0;
			defaultConfigurationName = Release;
		};
		1DBC8458299CC31B000B4C19 /* Build configuration list for PBXNativeTarget "ARTheatre" */ = {
			isa = XCConfigurationList;
			buildConfigurations = (
				1DBC8459299CC31B000B4C19 /* Debug */,
				1DBC845A299CC31B000B4C19 /* Release */,
			);
			defaultConfigurationIsVisible = 0;
			defaultConfigurationName = Release;
		};
/* End XCConfigurationList section */
	};
	rootObject = 1DBC843D299CC31B000B4C19 /* Project object */;
}
